
Microsoft Visual Studio Solution File, Format Version 12.00
# Visual Studio Version 16
VisualStudioVersion = 16.0.29911.84
MinimumVisualStudioVersion = 10.0.40219.1
Project("{FAE04EC0-301F-11D3-BF4B-00C04F79EFBC}") = "advanced_ckey", "advanced_ckey\advanced_ckey.csproj", "{82E649A0-DC1C-40AF-BFB2-919AAA678F86}"
EndProject
Project("{2150E333-8FDC-42A3-9474-1A3956D46DE8}") = "Solution Items", "Solution Items", "{7ABED366-0F7F-4DE3-B9B2-33703852BAA5}"
	ProjectSection(SolutionItems) = preProject
		.editorconfig = .editorconfig
	EndProjectSection
EndProject
Global
	GlobalSection(SolutionConfigurationPlatforms) = preSolution
		Debug|Any CPU = Debug|Any CPU
		Release|Any CPU = Release|Any CPU
	EndGlobalSection
	GlobalSection(ProjectConfigurationPlatforms) = postSolution
		{82E649A0-DC1C-40AF-BFB2-919AAA678F86}.Debug|Any CPU.ActiveCfg = Debug|Any CPU
		{82E649A0-DC1C-40AF-BFB2-919AAA678F86}.Debug|Any CPU.Build.0 = Debug|Any CPU
		{82E649A0-DC1C-40AF-BFB2-919AAA678F86}.Release|Any CPU.ActiveCfg = Release|Any CPU
		{82E649A0-DC1C-40AF-BFB2-919AAA678F86}.Release|Any CPU.Build.0 = Release|Any CPU
	EndGlobalSection
	GlobalSection(SolutionProperties) = preSolution
		HideSolutionNode = FALSE
	EndGlobalSection
	GlobalSection(ExtensibilityGlobals) = postSolution
		SolutionGuid = {11ABD8F5-EF8F-4690-B6FB-3EC9EB5B820B}
	EndGlobalSection
EndGlobal
